
Microsoft Visual Studio Solution File, Format Version 12.00
# Visual Studio Version 16
VisualStudioVersion = 16.0.29613.14
MinimumVisualStudioVersion = 10.0.40219.1
Project("{9A19103F-16F7-4668-BE54-9A1E7A4F7556}") = "Ssd13xx.Samples", "samples\Ssd13xx.Samples.csproj", "{55478B99-A573-409A-AA79-8C0C2AB90550}"
EndProject
Project("{9A19103F-16F7-4668-BE54-9A1E7A4F7556}") = "Ssd13xx", "Ssd13xx.csproj", "{2DBDA8EC-D301-43BA-B506-053FDDA90E76}"
EndProject
Global
	GlobalSection(SolutionConfigurationPlatforms) = preSolution
		Debug|Any CPU = Debug|Any CPU
		Release|Any CPU = Release|Any CPU
	EndGlobalSection
	GlobalSection(ProjectConfigurationPlatforms) = postSolution
		{55478B99-A573-409A-AA79-8C0C2AB90550}.Debug|Any CPU.ActiveCfg = Debug|Any CPU
		{55478B99-A573-409A-AA79-8C0C2AB90550}.Debug|Any CPU.Build.0 = Debug|Any CPU
		{55478B99-A573-409A-AA79-8C0C2AB90550}.Release|Any CPU.ActiveCfg = Release|Any CPU
		{55478B99-A573-409A-AA79-8C0C2AB90550}.Release|Any CPU.Build.0 = Release|Any CPU
		{2DBDA8EC-D301-43BA-B506-053FDDA90E76}.Debug|Any CPU.ActiveCfg = Debug|Any CPU
		{2DBDA8EC-D301-43BA-B506-053FDDA90E76}.Debug|Any CPU.Build.0 = Debug|Any CPU
		{2DBDA8EC-D301-43BA-B506-053FDDA90E76}.Release|Any CPU.ActiveCfg = Release|Any CPU
		{2DBDA8EC-D301-43BA-B506-053FDDA90E76}.Release|Any CPU.Build.0 = Release|Any CPU
	EndGlobalSection
	GlobalSection(SolutionProperties) = preSolution
		HideSolutionNode = FALSE
	EndGlobalSection
	GlobalSection(ExtensibilityGlobals) = postSolution
		SolutionGuid = {5AA60893-5ED1-491F-90CC-64F1190EA5A4}
	EndGlobalSection
EndGlobal
